{
  "version": 4,
  "terraform_version": "1.14.6",
  "serial": 9,
  "lineage": "5d83b38b-9e04-0420-6b4c-92f2f4f45969",
  "outputs": {
    "instance_id": {
      "value": "i-0f37c622bd0bd542b",
      "type": "string"
    },
    "public_ip": {
      "value": "3.235.180.118",
      "type": "string"
    },
    "ssm_connect": {
      "value": "aws ssm start-session --target i-0f37c622bd0bd542b",
      "type": "string"
    }
  },
  "resources": [
    {
      "mode": "data",
      "type": "aws_ami",
      "name": "ubuntu_2404",
      "provider": "provider[\"registry.terraform.io/hashicorp/aws\"]",
      "instances": [
        {
          "schema_version": 0,
          "attributes": {
            "architecture": "x86_64",
            "arn": "arn:aws:ec2:us-east-1::image/ami-0071174ad8cbb9e17",
            "block_device_mappings": [
              {
                "device_name": "/dev/sda1",
                "ebs": {
                  "delete_on_termination": "true",
                  "encrypted": "false",
                  "iops": "0",
                  "snapshot_id": "snap-0c82bc2132a3a0be1",
                  "throughput": "0",
                  "volume_size": "8",
                  "volume_type": "gp3"
                },
                "no_device": "",
                "virtual_name": ""
              },
              {
                "device_name": "/dev/sdb",
                "ebs": {},
                "no_device": "",
                "virtual_name": "ephemeral0"
              },
              {
                "device_name": "/dev/sdc",
                "ebs": {},
                "no_device": "",
                "virtual_name": "ephemeral1"
              }
            ],
            "boot_mode": "uefi-preferred",
            "creation_date": "2026-02-18T10:52:13.000Z",
            "deprecation_time": "2028-02-18T10:52:13.000Z",
            "description": "Canonical, Ubuntu, 24.04, amd64 noble image",
            "ena_support": true,
            "executable_users": null,
            "filter": [
              {
                "name": "architecture",
                "values": [
                  "x86_64"
                ]
              },
              {
                "name": "name",
                "values": [
                  "ubuntu/images/*/ubuntu-noble-24.04-amd64-server-*"
                ]
              },
              {
                "name": "virtualization-type",
                "values": [
                  "hvm"
                ]
              }
            ],
            "hypervisor": "xen",
            "id": "ami-0071174ad8cbb9e17",
            "image_id": "ami-0071174ad8cbb9e17",
            "image_location": "amazon/ubuntu/images/hvm-ssd-gp3/ubuntu-noble-24.04-amd64-server-20260218",
            "image_owner_alias": "amazon",
            "image_type": "machine",
            "imds_support": "v2.0",
            "include_deprecated": false,
            "kernel_id": "",
            "most_recent": true,
            "name": "ubuntu/images/hvm-ssd-gp3/ubuntu-noble-24.04-amd64-server-20260218",
            "name_regex": null,
            "owner_id": "099720109477",
            "owners": [
              "099720109477"
            ],
            "platform": "",
            "platform_details": "Linux/UNIX",
            "product_codes": [],
            "public": true,
            "ramdisk_id": "",
            "root_device_name": "/dev/sda1",
            "root_device_type": "ebs",
            "root_snapshot_id": "snap-0c82bc2132a3a0be1",
            "sriov_net_support": "simple",
            "state": "available",
            "state_reason": {
              "code": "UNSET",
              "message": "UNSET"
            },
            "tags": {},
            "timeouts": null,
            "tpm_support": "",
            "usage_operation": "RunInstances",
            "virtualization_type": "hvm"
          },
          "sensitive_attributes": [],
          "identity_schema_version": 0
        }
      ]
    },
    {
      "mode": "managed",
      "type": "aws_iam_instance_profile",
      "name": "this",
      "provider": "provider[\"registry.terraform.io/hashicorp/aws\"]",
      "instances": [
        {
          "schema_version": 0,
          "attributes": {
            "arn": "arn:aws:iam::718228864789:instance-profile/ec2-ssm-profile",
            "create_date": "2026-03-04T15:32:25Z",
            "id": "ec2-ssm-profile",
            "name": "ec2-ssm-profile",
            "name_prefix": "",
            "path": "/",
            "role": "ec2-ssm-cloudwatch-role",
            "tags": null,
            "tags_all": {},
            "unique_id": "AIPA2OOOGX4KTAEAQVLAZ"
          },
          "sensitive_attributes": [],
          "identity_schema_version": 0,
          "private": "bnVsbA==",
          "dependencies": [
            "aws_iam_role.ec2_role"
          ]
        }
      ]
    },
    {
      "mode": "managed",
      "type": "aws_iam_role",
      "name": "ec2_role",
      "provider": "provider[\"registry.terraform.io/hashicorp/aws\"]",
      "instances": [
        {
          "schema_version": 0,
          "attributes": {
            "arn": "arn:aws:iam::718228864789:role/ec2-ssm-cloudwatch-role",
            "assume_role_policy": "{\"Statement\":[{\"Action\":\"sts:AssumeRole\",\"Effect\":\"Allow\",\"Principal\":{\"Service\":\"ec2.amazonaws.com\"}}],\"Version\":\"2012-10-17\"}",
            "create_date": "2026-03-04T15:32:23Z",
            "description": "",
            "force_detach_policies": false,
            "id": "ec2-ssm-cloudwatch-role",
            "inline_policy": [],
            "managed_policy_arns": [],
            "max_session_duration": 3600,
            "name": "ec2-ssm-cloudwatch-role",
            "name_prefix": "",
            "path": "/",
            "permissions_boundary": "",
            "tags": null,
            "tags_all": {},
            "unique_id": "AROA2OOOGX4K4T5JSFTXS"
          },
          "sensitive_attributes": [],
          "identity_schema_version": 0,
          "private": "bnVsbA=="
        }
      ]
    },
    {
      "mode": "managed",
      "type": "aws_iam_role_policy_attachment",
      "name": "cloudwatch",
      "provider": "provider[\"registry.terraform.io/hashicorp/aws\"]",
      "instances": [
        {
          "schema_version": 0,
          "attributes": {
            "id": "ec2-ssm-cloudwatch-role-20260304153225349400000002",
            "policy_arn": "arn:aws:iam::aws:policy/CloudWatchAgentServerPolicy",
            "role": "ec2-ssm-cloudwatch-role"
          },
          "sensitive_attributes": [],
          "identity_schema_version": 0,
          "private": "bnVsbA==",
          "dependencies": [
            "aws_iam_role.ec2_role"
          ]
        }
      ]
    },
    {
      "mode": "managed",
      "type": "aws_iam_role_policy_attachment",
      "name": "ssm",
      "provider": "provider[\"registry.terraform.io/hashicorp/aws\"]",
      "instances": [
        {
          "schema_version": 0,
          "attributes": {
            "id": "ec2-ssm-cloudwatch-role-20260304153224955900000001",
            "policy_arn": "arn:aws:iam::aws:policy/AmazonSSMManagedInstanceCore",
            "role": "ec2-ssm-cloudwatch-role"
          },
          "sensitive_attributes": [],
          "identity_schema_version": 0,
          "private": "bnVsbA==",
          "dependencies": [
            "aws_iam_role.ec2_role"
          ]
        }
      ]
    },
    {
      "mode": "managed",
      "type": "aws_instance",
      "name": "this",
      "provider": "provider[\"registry.terraform.io/hashicorp/aws\"]",
      "instances": [
        {
          "schema_version": 1,
          "attributes": {
            "ami": "ami-0071174ad8cbb9e17",
            "arn": "arn:aws:ec2:us-east-1:718228864789:instance/i-0f37c622bd0bd542b",
            "associate_public_ip_address": true,
            "availability_zone": "us-east-1f",
            "capacity_reservation_specification": [
              {
                "capacity_reservation_preference": "open",
                "capacity_reservation_target": []
              }
            ],
            "cpu_core_count": 1,
            "cpu_options": [
              {
                "amd_sev_snp": "",
                "core_count": 1,
                "threads_per_core": 2
              }
            ],
            "cpu_threads_per_core": 2,
            "credit_specification": [
              {
                "cpu_credits": "unlimited"
              }
            ],
            "disable_api_stop": false,
            "disable_api_termination": false,
            "ebs_block_device": [],
            "ebs_optimized": false,
            "enclave_options": [
              {
                "enabled": false
              }
            ],
            "ephemeral_block_device": [],
            "get_password_data": false,
            "hibernation": false,
            "host_id": "",
            "host_resource_group_arn": null,
            "iam_instance_profile": "ec2-ssm-profile",
            "id": "i-0f37c622bd0bd542b",
            "instance_initiated_shutdown_behavior": "stop",
            "instance_lifecycle": "",
            "instance_market_options": [],
            "instance_state": "running",
            "instance_type": "t3.medium",
            "ipv6_address_count": 0,
            "ipv6_addresses": [],
            "key_name": "",
            "launch_template": [],
            "maintenance_options": [
              {
                "auto_recovery": "default"
              }
            ],
            "metadata_options": [
              {
                "http_endpoint": "enabled",
                "http_protocol_ipv6": "disabled",
                "http_put_response_hop_limit": 2,
                "http_tokens": "required",
                "instance_metadata_tags": "disabled"
              }
            ],
            "monitoring": false,
            "network_interface": [],
            "outpost_arn": "",
            "password_data": "",
            "placement_group": "",
            "placement_partition_number": 0,
            "primary_network_interface_id": "eni-0733b3ae4ce44aad5",
            "private_dns": "ip-172-31-73-128.ec2.internal",
            "private_dns_name_options": [
              {
                "enable_resource_name_dns_a_record": false,
                "enable_resource_name_dns_aaaa_record": false,
                "hostname_type": "ip-name"
              }
            ],
            "private_ip": "172.31.73.128",
            "public_dns": "ec2-3-235-180-118.compute-1.amazonaws.com",
            "public_ip": "3.235.180.118",
            "root_block_device": [
              {
                "delete_on_termination": true,
                "device_name": "/dev/sda1",
                "encrypted": false,
                "iops": 3000,
                "kms_key_id": "",
                "tags": null,
                "throughput": 125,
                "volume_id": "vol-09cfaa5cb7db0f133",
                "volume_size": 50,
                "volume_type": "gp3"
              }
            ],
            "secondary_private_ips": [],
            "security_groups": [
              "ubuntu-24-sg"
            ],
            "source_dest_check": true,
            "spot_instance_request_id": "",
            "subnet_id": "subnet-08436329b5b2d1d34",
            "tags": {
              "Name": "ubuntu-bmkg-weather"
            },
            "tags_all": {
              "Name": "ubuntu-bmkg-weather"
            },
            "tenancy": "default",
            "timeouts": null,
            "user_data": null,
            "user_data_base64": null,
            "user_data_replace_on_change": false,
            "volume_tags": null,
            "vpc_security_group_ids": [
              "sg-0d7a774f601993f42"
            ]
          },
          "sensitive_attributes": [],
          "identity_schema_version": 0,
          "private": "eyJlMmJmYjczMC1lY2FhLTExZTYtOGY4OC0zNDM2M2JjN2M0YzAiOnsiY3JlYXRlIjo2MDAwMDAwMDAwMDAsImRlbGV0ZSI6MTIwMDAwMDAwMDAwMCwidXBkYXRlIjo2MDAwMDAwMDAwMDB9LCJzY2hlbWFfdmVyc2lvbiI6IjEifQ==",
          "dependencies": [
            "aws_iam_instance_profile.this",
            "aws_iam_role.ec2_role",
            "aws_security_group.this",
            "data.aws_ami.ubuntu_2404"
          ]
        }
      ]
    },
    {
      "mode": "managed",
      "type": "aws_security_group",
      "name": "this",
      "provider": "provider[\"registry.terraform.io/hashicorp/aws\"]",
      "instances": [
        {
          "schema_version": 1,
          "attributes": {
            "arn": "arn:aws:ec2:us-east-1:718228864789:security-group/sg-0d7a774f601993f42",
            "description": "SSM + Kestra + DB ports + Metabase",
            "egress": [
              {
                "cidr_blocks": [
                  "0.0.0.0/0"
                ],
                "description": "",
                "from_port": 0,
                "ipv6_cidr_blocks": [],
                "prefix_list_ids": [],
                "protocol": "-1",
                "security_groups": [],
                "self": false,
                "to_port": 0
              }
            ],
            "id": "sg-0d7a774f601993f42",
            "ingress": [
              {
                "cidr_blocks": [
                  "0.0.0.0/0"
                ],
                "description": "",
                "from_port": 22,
                "ipv6_cidr_blocks": [],
                "prefix_list_ids": [],
                "protocol": "tcp",
                "security_groups": [],
                "self": false,
                "to_port": 22
              },
              {
                "cidr_blocks": [
                  "0.0.0.0/0"
                ],
                "description": "",
                "from_port": 3000,
                "ipv6_cidr_blocks": [],
                "prefix_list_ids": [],
                "protocol": "tcp",
                "security_groups": [],
                "self": false,
                "to_port": 3000
              },
              {
                "cidr_blocks": [
                  "0.0.0.0/0"
                ],
                "description": "",
                "from_port": 5432,
                "ipv6_cidr_blocks": [],
                "prefix_list_ids": [],
                "protocol": "tcp",
                "security_groups": [],
                "self": false,
                "to_port": 5432
              },
              {
                "cidr_blocks": [
                  "0.0.0.0/0"
                ],
                "description": "",
                "from_port": 8080,
                "ipv6_cidr_blocks": [],
                "prefix_list_ids": [],
                "protocol": "tcp",
                "security_groups": [],
                "self": false,
                "to_port": 8080
              }
            ],
            "name": "ubuntu-24-sg",
            "name_prefix": "",
            "owner_id": "718228864789",
            "revoke_rules_on_delete": false,
            "tags": null,
            "tags_all": {},
            "timeouts": null,
            "vpc_id": "vpc-07e659caa9136945e"
          },
          "sensitive_attributes": [],
          "identity_schema_version": 0,
          "private": "eyJlMmJmYjczMC1lY2FhLTExZTYtOGY4OC0zNDM2M2JjN2M0YzAiOnsiY3JlYXRlIjo2MDAwMDAwMDAwMDAsImRlbGV0ZSI6OTAwMDAwMDAwMDAwfSwic2NoZW1hX3ZlcnNpb24iOiIxIn0="
        }
      ]
    },
    {
      "mode": "managed",
      "type": "aws_ssm_association",
      "name": "add_ssh_key",
      "provider": "provider[\"registry.terraform.io/hashicorp/aws\"]",
      "instances": [
        {
          "schema_version": 1,
          "attributes": {
            "apply_only_at_cron_interval": false,
            "arn": "arn:aws:ssm:us-east-1:718228864789:association/2600cc23-5c07-4fc5-9ce4-1a3f3c9268d5",
            "association_id": "2600cc23-5c07-4fc5-9ce4-1a3f3c9268d5",
            "association_name": "",
            "automation_target_parameter_name": "",
            "compliance_severity": "",
            "document_version": "$DEFAULT",
            "id": "2600cc23-5c07-4fc5-9ce4-1a3f3c9268d5",
            "instance_id": "",
            "max_concurrency": "",
            "max_errors": "",
            "name": "AddUbuntuSSHKey",
            "output_location": [],
            "parameters": {},
            "schedule_expression": "",
            "sync_compliance": "",
            "targets": [
              {
                "key": "InstanceIds",
                "values": [
                  "i-0f37c622bd0bd542b"
                ]
              }
            ],
            "wait_for_success_timeout_seconds": null
          },
          "sensitive_attributes": [],
          "identity_schema_version": 0,
          "private": "eyJzY2hlbWFfdmVyc2lvbiI6IjEifQ==",
          "dependencies": [
            "aws_iam_instance_profile.this",
            "aws_iam_role.ec2_role",
            "aws_instance.this",
            "aws_security_group.this",
            "aws_ssm_document.add_ssh_key",
            "data.aws_ami.ubuntu_2404"
          ]
        }
      ]
    },
    {
      "mode": "managed",
      "type": "aws_ssm_document",
      "name": "add_ssh_key",
      "provider": "provider[\"registry.terraform.io/hashicorp/aws\"]",
      "instances": [
        {
          "schema_version": 0,
          "attributes": {
            "arn": "arn:aws:ssm:us-east-1:718228864789:document/AddUbuntuSSHKey",
            "attachments_source": [],
            "content": "{\"description\":\"Add SSH public key to ubuntu authorized_keys\",\"mainSteps\":[{\"action\":\"aws:runShellScript\",\"inputs\":{\"runCommand\":[\"install -d -m 700 /home/ubuntu/.ssh\",\"echo 'ssh-rsa AAAAB3NzaC1yc2EAAAADAQABAAABgQC54ljIHTZSU97QVx4Glg1GhwmJOWEa+rqQ0ABdP3tm/oEYIXEUPhdxbj1YmJFtrw4p7CWwvBLKqIoBh9m2/0S4/qKY01GTgPw8nhn3jas7eelPpchAW74qoENj/lx+0cMHohxZf2G10yVAfeAfdixA/7Fiv4M3Nu00J6uWMgjw++LxvH/SUoEcZSU72LH5ePOB8liJh78Mh5d7YUTZRtNcoJ70a8Hyl22u9nXtz32YIGCk2Xx1zxa5Ga8PGmzwML0ZJIKbB81tnAa9AR5bLqg6jTgNC4Uy1UCg+ENoNoPZ8SspYqdGqKf7BdRt/W4j5EQox9lpQhrMdpoNtgrSeLmFr8ebASmAbXpjcj9AGLeon7E33KE7Q8YV/ucetBCHATynZN4oV7mWtOdHVLQdDV38JGXCN25bYdT6kkbzmeN/NhJOHZuPDiBraHBnYhDCTbyxuwGKPhRyX76Md01/SryzN/okcbcWodDZG0tfsGet0iRAlK5b4VwgtN0D4lJuVNE= wahidsf@Wahids-MacBook-Air.local' \\u003e\\u003e /home/ubuntu/.ssh/authorized_keys\",\"chown -R ubuntu:ubuntu /home/ubuntu/.ssh\",\"chmod 600 /home/ubuntu/.ssh/authorized_keys\"]},\"name\":\"addKey\"}],\"schemaVersion\":\"2.2\"}",
            "created_date": "2026-03-04T15:32:23Z",
            "default_version": "1",
            "description": "Add SSH public key to ubuntu authorized_keys",
            "document_format": "JSON",
            "document_type": "Command",
            "document_version": "1",
            "hash": "41414108e530e64506f80ea72da61e9f934433e686a4b44c366bcc51ff03ea52",
            "hash_type": "Sha256",
            "id": "AddUbuntuSSHKey",
            "latest_version": "1",
            "name": "AddUbuntuSSHKey",
            "owner": "718228864789",
            "parameter": [],
            "permissions": null,
            "platform_types": [
              "Linux",
              "MacOS"
            ],
            "schema_version": "2.2",
            "status": "Active",
            "tags": null,
            "tags_all": {},
            "target_type": "",
            "version_name": ""
          },
          "sensitive_attributes": [],
          "identity_schema_version": 0,
          "private": "bnVsbA=="
        }
      ]
    }
  ],
  "check_results": null
}
